// !$*UTF8*$!
{
	archiveVersion = 1;
	classes = {
	};
	objectVersion = 46;
	objects = {

/* Begin PBXBuildFile section */
		E95C5F921977837700A8E420 /* Foundation.framework in Frameworks */ = {isa = PBXBuildFile; fileRef = E95C5F911977837700A8E420 /* Foundation.framework */; };
		E95C5F941977837700A8E420 /* CoreGraphics.framework in Frameworks */ = {isa = PBXBuildFile; fileRef = E95C5F931977837700A8E420 /* CoreGraphics.framework */; };
		E95C5F961977837700A8E420 /* UIKit.framework in Frameworks */ = {isa = PBXBuildFile; fileRef = E95C5F951977837700A8E420 /* UIKit.framework */; };
		E95C5F9C1977837700A8E420 /* InfoPlist.strings in Resources */ = {isa = PBXBuildFile; fileRef = E95C5F9A1977837700A8E420 /* InfoPlist.strings */; };
		E95C5F9E1977837700A8E420 /* main.m in Sources */ = {isa = PBXBuildFile; fileRef = E95C5F9D1977837700A8E420 /* main.m */; };
		E95C5FA21977837700A8E420 /* AGAppDelegate.m in Sources */ = {isa = PBXBuildFile; fileRef = E95C5FA11977837700A8E420 /* AGAppDelegate.m */; };
		E95C5FA51977837700A8E420 /* Main.storyboard in Resources */ = {isa = PBXBuildFile; fileRef = E95C5FA31977837700A8E420 /* Main.storyboard */; };
		E95C5FA81977837700A8E420 /* AGViewController.m in Sources */ = {isa = PBXBuildFile; fileRef = E95C5FA71977837700A8E420 /* AGViewController.m */; };
		E95C5FAA1977837700A8E420 /* Images.xcassets in Resources */ = {isa = PBXBuildFile; fileRef = E95C5FA91977837700A8E420 /* Images.xcassets */; };
		E95C5FB11977837700A8E420 /* XCTest.framework in Frameworks */ = {isa = PBXBuildFile; fileRef = E95C5FB01977837700A8E420 /* XCTest.framework */; };
		E95C5FB21977837700A8E420 /* Foundation.framework in Frameworks */ = {isa = PBXBuildFile; fileRef = E95C5F911977837700A8E420 /* Foundation.framework */; };
		E95C5FB31977837700A8E420 /* UIKit.framework in Frameworks */ = {isa = PBXBuildFile; fileRef = E95C5F951977837700A8E420 /* UIKit.framework */; };
		E95C5FBB1977837700A8E420 /* InfoPlist.strings in Resources */ = {isa = PBXBuildFile; fileRef = E95C5FB91977837700A8E420 /* InfoPlist.strings */; };
		E95C5FBD1977837700A8E420 /* AnnotationGroupingTests.m in Sources */ = {isa = PBXBuildFile; fileRef = E95C5FBC1977837700A8E420 /* AnnotationGroupingTests.m */; };
/* End PBXBuildFile section */

/* Begin PBXContainerItemProxy section */
		E95C5FB41977837700A8E420 /* PBXContainerItemProxy */ = {
			isa = PBXContainerItemProxy;
			containerPortal = E95C5F861977837700A8E420 /* Project object */;
			proxyType = 1;
			remoteGlobalIDString = E95C5F8D1977837700A8E420;
			remoteInfo = AnnotationGrouping;
		};
/* End PBXContainerItemProxy section */

/* Begin PBXFileReference section */
		E95C5F8E1977837700A8E420 /* AnnotationGrouping.app */ = {isa = PBXFileReference; explicitFileType = wrapper.application; includeInIndex = 0; path = AnnotationGrouping.app; sourceTree = BUILT_PRODUCTS_DIR; };
		E95C5F911977837700A8E420 /* Foundation.framework */ = {isa = PBXFileReference; lastKnownFileType = wrapper.framework; name = Foundation.framework; path = System/Library/Frameworks/Foundation.framework; sourceTree = SDKROOT; };
		E95C5F931977837700A8E420 /* CoreGraphics.framework */ = {isa = PBXFileReference; lastKnownFileType = wrapper.framework; name = CoreGraphics.framework; path = System/Library/Frameworks/CoreGraphics.framework; sourceTree = SDKROOT; };
		E95C5F951977837700A8E420 /* UIKit.framework */ = {isa = PBXFileReference; lastKnownFileType = wrapper.framework; name = UIKit.framework; path = System/Library/Frameworks/UIKit.framework; sourceTree = SDKROOT; };
		E95C5F991977837700A8E420 /* AnnotationGrouping-Info.plist */ = {isa = PBXFileReference; lastKnownFileType = text.plist.xml; path = "AnnotationGrouping-Info.plist"; sourceTree = "<group>"; };
		E95C5F9B1977837700A8E420 /* en */ = {isa = PBXFileReference; lastKnownFileType = text.plist.strings; name = en; path = en.lproj/InfoPlist.strings; sourceTree = "<group>"; };
		E95C5F9D1977837700A8E420 /* main.m */ = {isa = PBXFileReference; lastKnownFileType = sourcecode.c.objc; path = main.m; sourceTree = "<group>"; };
		E95C5F9F1977837700A8E420 /* AnnotationGrouping-Prefix.pch */ = {isa = PBXFileReference; lastKnownFileType = sourcecode.c.h; path = "AnnotationGrouping-Prefix.pch"; sourceTree = "<group>"; };
		E95C5FA01977837700A8E420 /* AGAppDelegate.h */ = {isa = PBXFileReference; lastKnownFileType = sourcecode.c.h; path = AGAppDelegate.h; sourceTree = "<group>"; };
		E95C5FA11977837700A8E420 /* AGAppDelegate.m */ = {isa = PBXFileReference; lastKnownFileType = sourcecode.c.objc; path = AGAppDelegate.m; sourceTree = "<group>"; };
		E95C5FA41977837700A8E420 /* Base */ = {isa = PBXFileReference; lastKnownFileType = file.storyboard; name = Base; path = Base.lproj/Main.storyboard; sourceTree = "<group>"; };
		E95C5FA61977837700A8E420 /* AGViewController.h */ = {isa = PBXFileReference; lastKnownFileType = sourcecode.c.h; path = AGViewController.h; sourceTree = "<group>"; };
		E95C5FA71977837700A8E420 /* AGViewController.m */ = {isa = PBXFileReference; lastKnownFileType = sourcecode.c.objc; path = AGViewController.m; sourceTree = "<group>"; };
		E95C5FA91977837700A8E420 /* Images.xcassets */ = {isa = PBXFileReference; lastKnownFileType = folder.assetcatalog; path = Images.xcassets; sourceTree = "<group>"; };
		E95C5FAF1977837700A8E420 /* AnnotationGroupingTests.xctest */ = {isa = PBXFileReference; explicitFileType = wrapper.cfbundle; includeInIndex = 0; path = AnnotationGroupingTests.xctest; sourceTree = BUILT_PRODUCTS_DIR; };
		E95C5FB01977837700A8E420 /* XCTest.framework */ = {isa = PBXFileReference; lastKnownFileType = wrapper.framework; name = XCTest.framework; path = Library/Frameworks/XCTest.framework; sourceTree = DEVELOPER_DIR; };
		E95C5FB81977837700A8E420 /* AnnotationGroupingTests-Info.plist */ = {isa = PBXFileReference; lastKnownFileType = text.plist.xml; path = "AnnotationGroupingTests-Info.plist"; sourceTree = "<group>"; };
		E95C5FBA1977837700A8E420 /* en */ = {isa = PBXFileReference; lastKnownFileType = text.plist.strings; name = en; path = en.lproj/InfoPlist.strings; sourceTree = "<group>"; };
		E95C5FBC1977837700A8E420 /* AnnotationGroupingTests.m */ = {isa = PBXFileReference; lastKnownFileType = sourcecode.c.objc; path = AnnotationGroupingTests.m; sourceTree = "<group>"; };
/* End PBXFileReference section */

/* Begin PBXFrameworksBuildPhase section */
		E95C5F8B1977837700A8E420 /* Frameworks */ = {
			isa = PBXFrameworksBuildPhase;
			buildActionMask = 2147483647;
			files = (
				E95C5F941977837700A8E420 /* CoreGraphics.framework in Frameworks */,
				E95C5F961977837700A8E420 /* UIKit.framework in Frameworks */,
				E95C5F921977837700A8E420 /* Foundation.framework in Frameworks */,
			);
			runOnlyForDeploymentPostprocessing = 0;
		};
		E95C5FAC1977837700A8E420 /* Frameworks */ = {
			isa = PBXFrameworksBuildPhase;
			buildActionMask = 2147483647;
			files = (
				E95C5FB11977837700A8E420 /* XCTest.framework in Frameworks */,
				E95C5FB31977837700A8E420 /* UIKit.framework in Frameworks */,
				E95C5FB21977837700A8E420 /* Foundation.framework in Frameworks */,
			);
			runOnlyForDeploymentPostprocessing = 0;
		};
/* End PBXFrameworksBuildPhase section */

/* Begin PBXGroup section */
		E95C5F851977837700A8E420 = {
			isa = PBXGroup;
			children = (
				E95C5F971977837700A8E420 /* AnnotationGrouping */,
				E95C5FB61977837700A8E420 /* AnnotationGroupingTests */,
				E95C5F901977837700A8E420 /* Frameworks */,
				E95C5F8F1977837700A8E420 /* Products */,
			);
			sourceTree = "<group>";
		};
		E95C5F8F1977837700A8E420 /* Products */ = {
			isa = PBXGroup;
			children = (
				E95C5F8E1977837700A8E420 /* AnnotationGrouping.app */,
				E95C5FAF1977837700A8E420 /* AnnotationGroupingTests.xctest */,
			);
			name = Products;
			sourceTree = "<group>";
		};
		E95C5F901977837700A8E420 /* Frameworks */ = {
			isa = PBXGroup;
			children = (
				E95C5F911977837700A8E420 /* Foundation.framework */,
				E95C5F931977837700A8E420 /* CoreGraphics.framework */,
				E95C5F951977837700A8E420 /* UIKit.framework */,
				E95C5FB01977837700A8E420 /* XCTest.framework */,
			);
			name = Frameworks;
			sourceTree = "<group>";
		};
		E95C5F971977837700A8E420 /* AnnotationGrouping */ = {
			isa = PBXGroup;
			children = (
				E95C5FA01977837700A8E420 /* AGAppDelegate.h */,
				E95C5FA11977837700A8E420 /* AGAppDelegate.m */,
				E95C5FA31977837700A8E420 /* Main.storyboard */,
				E95C5FA61977837700A8E420 /* AGViewController.h */,
				E95C5FA71977837700A8E420 /* AGViewController.m */,
				E95C5FA91977837700A8E420 /* Images.xcassets */,
				E95C5F981977837700A8E420 /* Supporting Files */,
			);
			path = AnnotationGrouping;
			sourceTree = "<group>";
		};
		E95C5F981977837700A8E420 /* Supporting Files */ = {
			isa = PBXGroup;
			children = (
				E95C5F991977837700A8E420 /* AnnotationGrouping-Info.plist */,
				E95C5F9A1977837700A8E420 /* InfoPlist.strings */,
				E95C5F9D1977837700A8E420 /* main.m */,
				E95C5F9F1977837700A8E420 /* AnnotationGrouping-Prefix.pch */,
			);
			name = "Supporting Files";
			sourceTree = "<group>";
		};
		E95C5FB61977837700A8E420 /* AnnotationGroupingTests */ = {
			isa = PBXGroup;
			children = (
				E95C5FBC1977837700A8E420 /* AnnotationGroupingTests.m */,
				E95C5FB71977837700A8E420 /* Supporting Files */,
			);
			path = AnnotationGroupingTests;
			sourceTree = "<group>";
		};
		E95C5FB71977837700A8E420 /* Supporting Files */ = {
			isa = PBXGroup;
			children = (
				E95C5FB81977837700A8E420 /* AnnotationGroupingTests-Info.plist */,
				E95C5FB91977837700A8E420 /* InfoPlist.strings */,
			);
			name = "Supporting Files";
			sourceTree = "<group>";
		};
/* End PBXGroup section */

/* Begin PBXNativeTarget section */
		E95C5F8D1977837700A8E420 /* AnnotationGrouping */ = {
			isa = PBXNativeTarget;
			buildConfigurationList = E95C5FC01977837800A8E420 /* Build configuration list for PBXNativeTarget "AnnotationGrouping" */;
			buildPhases = (
				E95C5F8A1977837700A8E420 /* Sources */,
				E95C5F8B1977837700A8E420 /* Frameworks */,
				E95C5F8C1977837700A8E420 /* Resources */,
			);
			buildRules = (
			);
			dependencies = (
			);
			name = AnnotationGrouping;
			productName = AnnotationGrouping;
			productReference = E95C5F8E1977837700A8E420 /* AnnotationGrouping.app */;
			productType = "com.apple.product-type.application";
		};
		E95C5FAE1977837700A8E420 /* AnnotationGroupingTests */ = {
			isa = PBXNativeTarget;
			buildConfigurationList = E95C5FC31977837800A8E420 /* Build configuration list for PBXNativeTarget "AnnotationGroupingTests" */;
			buildPhases = (
				E95C5FAB1977837700A8E420 /* Sources */,
				E95C5FAC1977837700A8E420 /* Frameworks */,
				E95C5FAD1977837700A8E420 /* Resources */,
			);
			buildRules = (
			);
			dependencies = (
				E95C5FB51977837700A8E420 /* PBXTargetDependency */,
			);
			name = AnnotationGroupingTests;
			productName = AnnotationGroupingTests;
			productReference = E95C5FAF1977837700A8E420 /* AnnotationGroupingTests.xctest */;
			productType = "com.apple.product-type.bundle.unit-test";
		};
/* End PBXNativeTarget section */

/* Begin PBXProject section */
		E95C5F861977837700A8E420 /* Project object */ = {
			isa = PBXProject;
			attributes = {
				CLASSPREFIX = AG;
				LastUpgradeCheck = 0510;
				ORGANIZATIONNAME = akira108;
				TargetAttributes = {
					E95C5FAE1977837700A8E420 = {
						TestTargetID = E95C5F8D1977837700A8E420;
					};
				};
			};
			buildConfigurationList = E95C5F891977837700A8E420 /* Build configuration list for PBXProject "AnnotationGrouping" */;
			compatibilityVersion = "Xcode 3.2";
			developmentRegion = English;
			hasScannedForEncodings = 0;
			knownRegions = (
				en,
				Base,
			);
			mainGroup = E95C5F851977837700A8E420;
			productRefGroup = E95C5F8F1977837700A8E420 /* Products */;
			projectDirPath = "";
			projectRoot = "";
			targets = (
				E95C5F8D1977837700A8E420 /* AnnotationGrouping */,
				E95C5FAE1977837700A8E420 /* AnnotationGroupingTests */,
			);
		};
/* End PBXProject section */

/* Begin PBXResourcesBuildPhase section */
		E95C5F8C1977837700A8E420 /* Resources */ = {
			isa = PBXResourcesBuildPhase;
			buildActionMask = 2147483647;
			files = (
				E95C5FAA1977837700A8E420 /* Images.xcassets in Resources */,
				E95C5F9C1977837700A8E420 /* InfoPlist.strings in Resources */,
				E95C5FA51977837700A8E420 /* Main.storyboard in Resources */,
			);
			runOnlyForDeploymentPostprocessing = 0;
		};
		E95C5FAD1977837700A8E420 /* Resources */ = {
			isa = PBXResourcesBuildPhase;
			buildActionMask = 2147483647;
			files = (
				E95C5FBB1977837700A8E420 /* InfoPlist.strings in Resources */,
			);
			runOnlyForDeploymentPostprocessing = 0;
		};
/* End PBXResourcesBuildPhase section */

/* Begin PBXSourcesBuildPhase section */
		E95C5F8A1977837700A8E420 /* Sources */ = {
			isa = PBXSourcesBuildPhase;
			buildActionMask = 2147483647;
			files = (
				E95C5FA21977837700A8E420 /* AGAppDelegate.m in Sources */,
				E95C5FA81977837700A8E420 /* AGViewController.m in Sources */,
				E95C5F9E1977837700A8E420 /* main.m in Sources */,
			);
			runOnlyForDeploymentPostprocessing = 0;
		};
		E95C5FAB1977837700A8E420 /* Sources */ = {
			isa = PBXSourcesBuildPhase;
			buildActionMask = 2147483647;
			files = (
				E95C5FBD1977837700A8E420 /* AnnotationGroupingTests.m in Sources */,
			);
			runOnlyForDeploymentPostprocessing = 0;
		};
/* End PBXSourcesBuildPhase section */

/* Begin PBXTargetDependency section */
		E95C5FB51977837700A8E420 /* PBXTargetDependency */ = {
			isa = PBXTargetDependency;
			target = E95C5F8D1977837700A8E420 /* AnnotationGrouping */;
			targetProxy = E95C5FB41977837700A8E420 /* PBXContainerItemProxy */;
		};
/* End PBXTargetDependency section */

/* Begin PBXVariantGroup section */
		E95C5F9A1977837700A8E420 /* InfoPlist.strings */ = {
			isa = PBXVariantGroup;
			children = (
				E95C5F9B1977837700A8E420 /* en */,
			);
			name = InfoPlist.strings;
			sourceTree = "<group>";
		};
		E95C5FA31977837700A8E420 /* Main.storyboard */ = {
			isa = PBXVariantGroup;
			children = (
				E95C5FA41977837700A8E420 /* Base */,
			);
			name = Main.storyboard;
			sourceTree = "<group>";
		};
		E95C5FB91977837700A8E420 /* InfoPlist.strings */ = {
			isa = PBXVariantGroup;
			children = (
				E95C5FBA1977837700A8E420 /* en */,
			);
			name = InfoPlist.strings;
			sourceTree = "<group>";
		};
/* End PBXVariantGroup section */

/* Begin XCBuildConfiguration section */
		E95C5FBE1977837800A8E420 /* Debug */ = {
			isa = XCBuildConfiguration;
			buildSettings = {
				ALWAYS_SEARCH_USER_PATHS = NO;
				CLANG_CXX_LANGUAGE_STANDARD = "gnu++0x";
				CLANG_CXX_LIBRARY = "libc++";
				CLANG_ENABLE_MODULES = YES;
				CLANG_ENABLE_OBJC_ARC = YES;
				CLANG_WARN_BOOL_CONVERSION = YES;
				CLANG_WARN_CONSTANT_CONVERSION = YES;
				CLANG_WARN_DIRECT_OBJC_ISA_USAGE = YES_ERROR;
				CLANG_WARN_EMPTY_BODY = YES;
				CLANG_WARN_ENUM_CONVERSION = YES;
				CLANG_WARN_INT_CONVERSION = YES;
				CLANG_WARN_OBJC_ROOT_CLASS = YES_ERROR;
				CLANG_WARN__DUPLICATE_METHOD_MATCH = YES;
				"CODE_SIGN_IDENTITY[sdk=iphoneos*]" = "iPhone Developer";
				COPY_PHASE_STRIP = NO;
				GCC_C_LANGUAGE_STANDARD = gnu99;
				GCC_DYNAMIC_NO_PIC = NO;
				GCC_OPTIMIZATION_LEVEL = 0;
				GCC_PREPROCESSOR_DEFINITIONS = (
					"DEBUG=1",
					"$(inherited)",
				);
				GCC_SYMBOLS_PRIVATE_EXTERN = NO;
				GCC_WARN_64_TO_32_BIT_CONVERSION = YES;
				GCC_WARN_ABOUT_RETURN_TYPE = YES_ERROR;
				GCC_WARN_UNDECLARED_SELECTOR = YES;
				GCC_WARN_UNINITIALIZED_AUTOS = YES_AGGRESSIVE;
				GCC_WARN_UNUSED_FUNCTION = YES;
				GCC_WARN_UNUSED_VARIABLE = YES;
				IPHONEOS_DEPLOYMENT_TARGET = 7.1;
				ONLY_ACTIVE_ARCH = YES;
				SDKROOT = iphoneos;
			};
			name = Debug;
		};
		E95C5FBF1977837800A8E420 /* Release */ = {
			isa = XCBuildConfiguration;
			buildSettings = {
				ALWAYS_SEARCH_USER_PATHS = NO;
				CLANG_CXX_LANGUAGE_STANDARD = "gnu++0x";
				CLANG_CXX_LIBRARY = "libc++";
				CLANG_ENABLE_MODULES = YES;
				CLANG_ENABLE_OBJC_ARC = YES;
				CLANG_WARN_BOOL_CONVERSION = YES;
				CLANG_WARN_CONSTANT_CONVERSION = YES;
				CLANG_WARN_DIRECT_OBJC_ISA_USAGE = YES_ERROR;
				CLANG_WARN_EMPTY_BODY = YES;
				CLANG_WARN_ENUM_CONVERSION = YES;
				CLANG_WARN_INT_CONVERSION = YES;
				CLANG_WARN_OBJC_ROOT_CLASS = YES_ERROR;
				CLANG_WARN__DUPLICATE_METHOD_MATCH = YES;
				"CODE_SIGN_IDENTITY[sdk=iphoneos*]" = "iPhone Developer";
				COPY_PHASE_STRIP = YES;
				ENABLE_NS_ASSERTIONS = NO;
				GCC_C_LANGUAGE_STANDARD = gnu99;
				GCC_WARN_64_TO_32_BIT_CONVERSION = YES;
				GCC_WARN_ABOUT_RETURN_TYPE = YES_ERROR;
				GCC_WARN_UNDECLARED_SELECTOR = YES;
				GCC_WARN_UNINITIALIZED_AUTOS = YES_AGGRESSIVE;
				GCC_WARN_UNUSED_FUNCTION = YES;
				GCC_WARN_UNUSED_VARIABLE = YES;
				IPHONEOS_DEPLOYMENT_TARGET = 7.1;
				SDKROOT = iphoneos;
				VALIDATE_PRODUCT = YES;
			};
			name = Release;
		};
		E95C5FC11977837800A8E420 /* Debug */ = {
			isa = XCBuildConfiguration;
			buildSettings = {
				ASSETCATALOG_COMPILER_APPICON_NAME = AppIcon;
				ASSETCATALOG_COMPILER_LAUNCHIMAGE_NAME = LaunchImage;
				GCC_PRECOMPILE_PREFIX_HEADER = YES;
				GCC_PREFIX_HEADER = "AnnotationGrouping/AnnotationGrouping-Prefix.pch";
				INFOPLIST_FILE = "AnnotationGrouping/AnnotationGrouping-Info.plist";
				PRODUCT_NAME = "$(TARGET_NAME)";
				WRAPPER_EXTENSION = app;
			};
			name = Debug;
		};
		E95C5FC21977837800A8E420 /* Release */ = {
			isa = XCBuildConfiguration;
			buildSettings = {
				ASSETCATALOG_COMPILER_APPICON_NAME = AppIcon;
				ASSETCATALOG_COMPILER_LAUNCHIMAGE_NAME = LaunchImage;
				GCC_PRECOMPILE_PREFIX_HEADER = YES;
				GCC_PREFIX_HEADER = "AnnotationGrouping/AnnotationGrouping-Prefix.pch";
				INFOPLIST_FILE = "AnnotationGrouping/AnnotationGrouping-Info.plist";
				PRODUCT_NAME = "$(TARGET_NAME)";
				WRAPPER_EXTENSION = app;
			};
			name = Release;
		};
		E95C5FC41977837800A8E420 /* Debug */ = {
			isa = XCBuildConfiguration;
			buildSettings = {
				BUNDLE_LOADER = "$(BUILT_PRODUCTS_DIR)/AnnotationGrouping.app/AnnotationGrouping";
				FRAMEWORK_SEARCH_PATHS = (
					"$(SDKROOT)/Developer/Library/Frameworks",
					"$(inherited)",
					"$(DEVELOPER_FRAMEWORKS_DIR)",
				);
				GCC_PRECOMPILE_PREFIX_HEADER = YES;
				GCC_PREFIX_HEADER = "AnnotationGrouping/AnnotationGrouping-Prefix.pch";
				GCC_PREPROCESSOR_DEFINITIONS = (
					"DEBUG=1",
					"$(inherited)",
				);
				INFOPLIST_FILE = "AnnotationGroupingTests/AnnotationGroupingTests-Info.plist";
				PRODUCT_NAME = "$(TARGET_NAME)";
				TEST_HOST = "$(BUNDLE_LOADER)";
				WRAPPER_EXTENSION = xctest;
			};
			name = Debug;
		};
		E95C5FC51977837800A8E420 /* Release */ = {
			isa = XCBuildConfiguration;
			buildSettings = {
				BUNDLE_LOADER = "$(BUILT_PRODUCTS_DIR)/AnnotationGrouping.app/AnnotationGrouping";
				FRAMEWORK_SEARCH_PATHS = (
					"$(SDKROOT)/Developer/Library/Frameworks",
					"$(inherited)",
					"$(DEVELOPER_FRAMEWORKS_DIR)",
				);
				GCC_PRECOMPILE_PREFIX_HEADER = YES;
				GCC_PREFIX_HEADER = "AnnotationGrouping/AnnotationGrouping-Prefix.pch";
				INFOPLIST_FILE = "AnnotationGroupingTests/AnnotationGroupingTests-Info.plist";
				PRODUCT_NAME = "$(TARGET_NAME)";
				TEST_HOST = "$(BUNDLE_LOADER)";
				WRAPPER_EXTENSION = xctest;
			};
			name = Release;
		};
/* End XCBuildConfiguration section */

/* Begin XCConfigurationList section */
		E95C5F891977837700A8E420 /* Build configuration list for PBXProject "AnnotationGrouping" */ = {
			isa = XCConfigurationList;
			buildConfigurations = (
				E95C5FBE1977837800A8E420 /* Debug */,
				E95C5FBF1977837800A8E420 /* Release */,
			);
			defaultConfigurationIsVisible = 0;
			defaultConfigurationName = Release;
		};
		E95C5FC01977837800A8E420 /* Build configuration list for PBXNativeTarget "AnnotationGrouping" */ = {
			isa = XCConfigurationList;
			buildConfigurations = (
				E95C5FC11977837800A8E420 /* Debug */,
				E95C5FC21977837800A8E420 /* Release */,
			);
			defaultConfigurationIsVisible = 0;
		};
		E95C5FC31977837800A8E420 /* Build configuration list for PBXNativeTarget "AnnotationGroupingTests" */ = {
			isa = XCConfigurationList;
			buildConfigurations = (
				E95C5FC41977837800A8E420 /* Debug */,
				E95C5FC51977837800A8E420 /* Release */,
			);
			defaultConfigurationIsVisible = 0;
		};
/* End XCConfigurationList section */
	};
	rootObject = E95C5F861977837700A8E420 /* Project object */;
}
